
Microsoft Visual Studio Solution File, Format Version 12.00
Project("{FAE04EC0-301F-11D3-BF4B-00C04F79EFBC}") = "BookManagement.Web", "BookManagement.Web\BookManagement.Web.csproj", "{D8A833A4-E4B9-4C54-80E0-844970C1A9D0}"
EndProject
Project("{FAE04EC0-301F-11D3-BF4B-00C04F79EFBC}") = "BookManagement.Core", "BookManagement.Core\BookManagement.Core.csproj", "{B0D81201-58F2-4388-B323-4976081FB0F3}"
EndProject
Project("{FAE04EC0-301F-11D3-BF4B-00C04F79EFBC}") = "BookManagement.Data", "BookManagement.Data\BookManagement.Data.csproj", "{30982F4F-DF74-4B7C-B117-6E850EC53578}"
EndProject
Project("{FAE04EC0-301F-11D3-BF4B-00C04F79EFBC}") = "BookManagement.Shared", "BookManagement.Shared\BookManagement.Shared.csproj", "{5E39AFCD-B555-46F5-957D-C34ACE737150}"
EndProject
Project("{FAE04EC0-301F-11D3-BF4B-00C04F79EFBC}") = "BookManagement.Tests", "BookManagement.Tests\BookManagement.Tests.csproj", "{4BC1AFFB-F634-4A7F-B132-C73576DEE5A6}"
EndProject
Global
	GlobalSection(SolutionConfigurationPlatforms) = preSolution
		Debug|Any CPU = Debug|Any CPU
		Release|Any CPU = Release|Any CPU
	EndGlobalSection
	GlobalSection(ProjectConfigurationPlatforms) = postSolution
		{D8A833A4-E4B9-4C54-80E0-844970C1A9D0}.Debug|Any CPU.ActiveCfg = Debug|Any CPU
		{D8A833A4-E4B9-4C54-80E0-844970C1A9D0}.Debug|Any CPU.Build.0 = Debug|Any CPU
		{D8A833A4-E4B9-4C54-80E0-844970C1A9D0}.Release|Any CPU.ActiveCfg = Release|Any CPU
		{D8A833A4-E4B9-4C54-80E0-844970C1A9D0}.Release|Any CPU.Build.0 = Release|Any CPU
		{B0D81201-58F2-4388-B323-4976081FB0F3}.Debug|Any CPU.ActiveCfg = Debug|Any CPU
		{B0D81201-58F2-4388-B323-4976081FB0F3}.Debug|Any CPU.Build.0 = Debug|Any CPU
		{B0D81201-58F2-4388-B323-4976081FB0F3}.Release|Any CPU.ActiveCfg = Release|Any CPU
		{B0D81201-58F2-4388-B323-4976081FB0F3}.Release|Any CPU.Build.0 = Release|Any CPU
		{30982F4F-DF74-4B7C-B117-6E850EC53578}.Debug|Any CPU.ActiveCfg = Debug|Any CPU
		{30982F4F-DF74-4B7C-B117-6E850EC53578}.Debug|Any CPU.Build.0 = Debug|Any CPU
		{30982F4F-DF74-4B7C-B117-6E850EC53578}.Release|Any CPU.ActiveCfg = Release|Any CPU
		{30982F4F-DF74-4B7C-B117-6E850EC53578}.Release|Any CPU.Build.0 = Release|Any CPU
		{5E39AFCD-B555-46F5-957D-C34ACE737150}.Debug|Any CPU.ActiveCfg = Debug|Any CPU
		{5E39AFCD-B555-46F5-957D-C34ACE737150}.Debug|Any CPU.Build.0 = Debug|Any CPU
		{5E39AFCD-B555-46F5-957D-C34ACE737150}.Release|Any CPU.ActiveCfg = Release|Any CPU
		{5E39AFCD-B555-46F5-957D-C34ACE737150}.Release|Any CPU.Build.0 = Release|Any CPU
		{4BC1AFFB-F634-4A7F-B132-C73576DEE5A6}.Debug|Any CPU.ActiveCfg = Debug|Any CPU
		{4BC1AFFB-F634-4A7F-B132-C73576DEE5A6}.Debug|Any CPU.Build.0 = Debug|Any CPU
		{4BC1AFFB-F634-4A7F-B132-C73576DEE5A6}.Release|Any CPU.ActiveCfg = Release|Any CPU
		{4BC1AFFB-F634-4A7F-B132-C73576DEE5A6}.Release|Any CPU.Build.0 = Release|Any CPU
	EndGlobalSection
EndGlobal
