
Microsoft Visual Studio Solution File, Format Version 12.00
Project("{FAE04EC0-301F-11D3-BF4B-00C04F79EFBC}") = "BookMangement.Web", "BookMangement.Web\BookMangement.Web.csproj", "{D8A833A4-E4B9-4C54-80E0-844970C1A9D0}"
EndProject
Project("{FAE04EC0-301F-11D3-BF4B-00C04F79EFBC}") = "BookMangement.Core", "BookMangement.Core\BookMangement.Core.csproj", "{B0D81201-58F2-4388-B323-4976081FB0F3}"
EndProject
Project("{FAE04EC0-301F-11D3-BF4B-00C04F79EFBC}") = "BookMangement.Data", "BookMangement.Data\BookMangement.Data.csproj", "{30982F4F-DF74-4B7C-B117-6E850EC53578}"
EndProject
Global
	GlobalSection(SolutionConfigurationPlatforms) = preSolution
		Debug|Any CPU = Debug|Any CPU
		Release|Any CPU = Release|Any CPU
	EndGlobalSection
	GlobalSection(ProjectConfigurationPlatforms) = postSolution
		{D8A833A4-E4B9-4C54-80E0-844970C1A9D0}.Debug|Any CPU.ActiveCfg = Debug|Any CPU
		{D8A833A4-E4B9-4C54-80E0-844970C1A9D0}.Debug|Any CPU.Build.0 = Debug|Any CPU
		{D8A833A4-E4B9-4C54-80E0-844970C1A9D0}.Release|Any CPU.ActiveCfg = Release|Any CPU
		{D8A833A4-E4B9-4C54-80E0-844970C1A9D0}.Release|Any CPU.Build.0 = Release|Any CPU
		{B0D81201-58F2-4388-B323-4976081FB0F3}.Debug|Any CPU.ActiveCfg = Debug|Any CPU
		{B0D81201-58F2-4388-B323-4976081FB0F3}.Debug|Any CPU.Build.0 = Debug|Any CPU
		{B0D81201-58F2-4388-B323-4976081FB0F3}.Release|Any CPU.ActiveCfg = Release|Any CPU
		{B0D81201-58F2-4388-B323-4976081FB0F3}.Release|Any CPU.Build.0 = Release|Any CPU
		{30982F4F-DF74-4B7C-B117-6E850EC53578}.Debug|Any CPU.ActiveCfg = Debug|Any CPU
		{30982F4F-DF74-4B7C-B117-6E850EC53578}.Debug|Any CPU.Build.0 = Debug|Any CPU
		{30982F4F-DF74-4B7C-B117-6E850EC53578}.Release|Any CPU.ActiveCfg = Release|Any CPU
		{30982F4F-DF74-4B7C-B117-6E850EC53578}.Release|Any CPU.Build.0 = Release|Any CPU
	EndGlobalSection
EndGlobal
